
Microsoft Visual Studio Solution File, Format Version 12.00
# Visual Studio 14
VisualStudioVersion = 14.0.25420.1
MinimumVisualStudioVersion = 10.0.40219.1
Project("{FAE04EC0-301F-11D3-BF4B-00C04F79EFBC}") = "Factorizor.UI", "Factorizor.UI\Factorizor.UI.csproj", "{CBD1B634-67CB-4879-A9D8-BB2F04B00FA8}"
EndProject
Project("{FAE04EC0-301F-11D3-BF4B-00C04F79EFBC}") = "Factorizor.BLL", "Factorizor.BLL\Factorizor.BLL.csproj", "{83E6A916-F841-4A9F-8EAB-3561D7CE4053}"
EndProject
Project("{FAE04EC0-301F-11D3-BF4B-00C04F79EFBC}") = "Factorizor.Tests", "Factorizor.Tests\Factorizor.Tests.csproj", "{3CFCAB12-365D-4894-B150-7440B586551D}"
EndProject
Global
	GlobalSection(SolutionConfigurationPlatforms) = preSolution
		Debug|Any CPU = Debug|Any CPU
		Release|Any CPU = Release|Any CPU
	EndGlobalSection
	GlobalSection(ProjectConfigurationPlatforms) = postSolution
		{CBD1B634-67CB-4879-A9D8-BB2F04B00FA8}.Debug|Any CPU.ActiveCfg = Debug|Any CPU
		{CBD1B634-67CB-4879-A9D8-BB2F04B00FA8}.Debug|Any CPU.Build.0 = Debug|Any CPU
		{CBD1B634-67CB-4879-A9D8-BB2F04B00FA8}.Release|Any CPU.ActiveCfg = Release|Any CPU
		{CBD1B634-67CB-4879-A9D8-BB2F04B00FA8}.Release|Any CPU.Build.0 = Release|Any CPU
		{83E6A916-F841-4A9F-8EAB-3561D7CE4053}.Debug|Any CPU.ActiveCfg = Debug|Any CPU
		{83E6A916-F841-4A9F-8EAB-3561D7CE4053}.Debug|Any CPU.Build.0 = Debug|Any CPU
		{83E6A916-F841-4A9F-8EAB-3561D7CE4053}.Release|Any CPU.ActiveCfg = Release|Any CPU
		{83E6A916-F841-4A9F-8EAB-3561D7CE4053}.Release|Any CPU.Build.0 = Release|Any CPU
		{3CFCAB12-365D-4894-B150-7440B586551D}.Debug|Any CPU.ActiveCfg = Debug|Any CPU
		{3CFCAB12-365D-4894-B150-7440B586551D}.Debug|Any CPU.Build.0 = Debug|Any CPU
		{3CFCAB12-365D-4894-B150-7440B586551D}.Release|Any CPU.ActiveCfg = Release|Any CPU
		{3CFCAB12-365D-4894-B150-7440B586551D}.Release|Any CPU.Build.0 = Release|Any CPU
	EndGlobalSection
	GlobalSection(SolutionProperties) = preSolution
		HideSolutionNode = FALSE
	EndGlobalSection
EndGlobal
