
Microsoft Visual Studio Solution File, Format Version 12.00
# Visual Studio 14
VisualStudioVersion = 14.0.25420.1
MinimumVisualStudioVersion = 10.0.40219.1
Project("{FAE04EC0-301F-11D3-BF4B-00C04F79EFBC}") = "StudentManagementSystem", "StudentManagementSystem\StudentManagementSystem.csproj", "{727300C9-7E21-4E73-AD98-652EEDAED937}"
EndProject
Project("{FAE04EC0-301F-11D3-BF4B-00C04F79EFBC}") = "SystemIO.test", "SystemIO.test\SystemIO.test.csproj", "{09D5E093-1851-41AE-BB41-A62D5E6C791C}"
EndProject
Global
	GlobalSection(SolutionConfigurationPlatforms) = preSolution
		Debug|Any CPU = Debug|Any CPU
		Release|Any CPU = Release|Any CPU
	EndGlobalSection
	GlobalSection(ProjectConfigurationPlatforms) = postSolution
		{727300C9-7E21-4E73-AD98-652EEDAED937}.Debug|Any CPU.ActiveCfg = Debug|Any CPU
		{727300C9-7E21-4E73-AD98-652EEDAED937}.Debug|Any CPU.Build.0 = Debug|Any CPU
		{727300C9-7E21-4E73-AD98-652EEDAED937}.Release|Any CPU.ActiveCfg = Release|Any CPU
		{727300C9-7E21-4E73-AD98-652EEDAED937}.Release|Any CPU.Build.0 = Release|Any CPU
		{09D5E093-1851-41AE-BB41-A62D5E6C791C}.Debug|Any CPU.ActiveCfg = Debug|Any CPU
		{09D5E093-1851-41AE-BB41-A62D5E6C791C}.Debug|Any CPU.Build.0 = Debug|Any CPU
		{09D5E093-1851-41AE-BB41-A62D5E6C791C}.Release|Any CPU.ActiveCfg = Release|Any CPU
		{09D5E093-1851-41AE-BB41-A62D5E6C791C}.Release|Any CPU.Build.0 = Release|Any CPU
	EndGlobalSection
	GlobalSection(SolutionProperties) = preSolution
		HideSolutionNode = FALSE
	EndGlobalSection
EndGlobal
