
Microsoft Visual Studio Solution File, Format Version 12.00
# Visual Studio 14
VisualStudioVersion = 14.0.25420.1
MinimumVisualStudioVersion = 10.0.40219.1
Project("{FAE04EC0-301F-11D3-BF4B-00C04F79EFBC}") = "GuessingGame.UI", "GuessingGame.UI\GuessingGame.UI.csproj", "{F37F0692-BD35-4171-83AC-2091E0C23F1E}"
EndProject
Project("{FAE04EC0-301F-11D3-BF4B-00C04F79EFBC}") = "GuessingGame.BLL", "GuessingGame.BLL\GuessingGame.BLL.csproj", "{8F199580-839D-48D4-87B8-0B811ECD73C0}"
EndProject
Project("{FAE04EC0-301F-11D3-BF4B-00C04F79EFBC}") = "GuessingGame.Tests", "GuessingGame.Tests\GuessingGame.Tests.csproj", "{D17322F0-8D63-4C80-8FEC-7AEAD55D4150}"
EndProject
Global
	GlobalSection(SolutionConfigurationPlatforms) = preSolution
		Debug|Any CPU = Debug|Any CPU
		Release|Any CPU = Release|Any CPU
	EndGlobalSection
	GlobalSection(ProjectConfigurationPlatforms) = postSolution
		{F37F0692-BD35-4171-83AC-2091E0C23F1E}.Debug|Any CPU.ActiveCfg = Debug|Any CPU
		{F37F0692-BD35-4171-83AC-2091E0C23F1E}.Debug|Any CPU.Build.0 = Debug|Any CPU
		{F37F0692-BD35-4171-83AC-2091E0C23F1E}.Release|Any CPU.ActiveCfg = Release|Any CPU
		{F37F0692-BD35-4171-83AC-2091E0C23F1E}.Release|Any CPU.Build.0 = Release|Any CPU
		{8F199580-839D-48D4-87B8-0B811ECD73C0}.Debug|Any CPU.ActiveCfg = Debug|Any CPU
		{8F199580-839D-48D4-87B8-0B811ECD73C0}.Debug|Any CPU.Build.0 = Debug|Any CPU
		{8F199580-839D-48D4-87B8-0B811ECD73C0}.Release|Any CPU.ActiveCfg = Release|Any CPU
		{8F199580-839D-48D4-87B8-0B811ECD73C0}.Release|Any CPU.Build.0 = Release|Any CPU
		{D17322F0-8D63-4C80-8FEC-7AEAD55D4150}.Debug|Any CPU.ActiveCfg = Debug|Any CPU
		{D17322F0-8D63-4C80-8FEC-7AEAD55D4150}.Debug|Any CPU.Build.0 = Debug|Any CPU
		{D17322F0-8D63-4C80-8FEC-7AEAD55D4150}.Release|Any CPU.ActiveCfg = Release|Any CPU
		{D17322F0-8D63-4C80-8FEC-7AEAD55D4150}.Release|Any CPU.Build.0 = Release|Any CPU
	EndGlobalSection
	GlobalSection(SolutionProperties) = preSolution
		HideSolutionNode = FALSE
	EndGlobalSection
EndGlobal
