
Microsoft Visual Studio Solution File, Format Version 12.00
# Visual Studio Version 16
VisualStudioVersion = 16.0.29519.181
MinimumVisualStudioVersion = 10.0.40219.1
Project("{FAE04EC0-301F-11D3-BF4B-00C04F79EFBC}") = "42920notes", "42920notes.csproj", "{29952822-3B3D-4890-AF00-64CAFF3BF3A9}"
EndProject
Global
	GlobalSection(SolutionConfigurationPlatforms) = preSolution
		Debug|Any CPU = Debug|Any CPU
		Release|Any CPU = Release|Any CPU
	EndGlobalSection
	GlobalSection(ProjectConfigurationPlatforms) = postSolution
		{29952822-3B3D-4890-AF00-64CAFF3BF3A9}.Debug|Any CPU.ActiveCfg = Debug|Any CPU
		{29952822-3B3D-4890-AF00-64CAFF3BF3A9}.Debug|Any CPU.Build.0 = Debug|Any CPU
		{29952822-3B3D-4890-AF00-64CAFF3BF3A9}.Release|Any CPU.ActiveCfg = Release|Any CPU
		{29952822-3B3D-4890-AF00-64CAFF3BF3A9}.Release|Any CPU.Build.0 = Release|Any CPU
	EndGlobalSection
	GlobalSection(SolutionProperties) = preSolution
		HideSolutionNode = FALSE
	EndGlobalSection
	GlobalSection(ExtensibilityGlobals) = postSolution
		SolutionGuid = {DB1DD490-FA50-450D-8371-77F9464794A7}
	EndGlobalSection
EndGlobal
