
Microsoft Visual Studio Solution File, Format Version 12.00
# Visual Studio 14
VisualStudioVersion = 14.0.25420.1
MinimumVisualStudioVersion = 10.0.40219.1
Project("{FAE04EC0-301F-11D3-BF4B-00C04F79EFBC}") = "RPG.Inventory", "RPG.Inventory\RPG.Inventory.csproj", "{77A67A62-54B2-4177-8E56-5D2C6E80F2CF}"
EndProject
Project("{FAE04EC0-301F-11D3-BF4B-00C04F79EFBC}") = "RPG.Inventory.Tests", "RPG.Inventory.Tests\RPG.Inventory.Tests.csproj", "{E5A6F72D-6B85-4ACA-BF5A-D9324728BB58}"
EndProject
Global
	GlobalSection(SolutionConfigurationPlatforms) = preSolution
		Debug|Any CPU = Debug|Any CPU
		Release|Any CPU = Release|Any CPU
	EndGlobalSection
	GlobalSection(ProjectConfigurationPlatforms) = postSolution
		{77A67A62-54B2-4177-8E56-5D2C6E80F2CF}.Debug|Any CPU.ActiveCfg = Debug|Any CPU
		{77A67A62-54B2-4177-8E56-5D2C6E80F2CF}.Debug|Any CPU.Build.0 = Debug|Any CPU
		{77A67A62-54B2-4177-8E56-5D2C6E80F2CF}.Release|Any CPU.ActiveCfg = Release|Any CPU
		{77A67A62-54B2-4177-8E56-5D2C6E80F2CF}.Release|Any CPU.Build.0 = Release|Any CPU
		{E5A6F72D-6B85-4ACA-BF5A-D9324728BB58}.Debug|Any CPU.ActiveCfg = Debug|Any CPU
		{E5A6F72D-6B85-4ACA-BF5A-D9324728BB58}.Debug|Any CPU.Build.0 = Debug|Any CPU
		{E5A6F72D-6B85-4ACA-BF5A-D9324728BB58}.Release|Any CPU.ActiveCfg = Release|Any CPU
		{E5A6F72D-6B85-4ACA-BF5A-D9324728BB58}.Release|Any CPU.Build.0 = Release|Any CPU
	EndGlobalSection
	GlobalSection(SolutionProperties) = preSolution
		HideSolutionNode = FALSE
	EndGlobalSection
EndGlobal
